
Microsoft Visual Studio Solution File, Format Version 12.00
# Visual Studio Version 17
VisualStudioVersion = 17.4.33110.190
MinimumVisualStudioVersion = 10.0.40219.1
Project("{FAE04EC0-301F-11D3-BF4B-00C04F79EFBC}") = "Tema Set 1", "Tema Set 1\Tema Set 1.csproj", "{3E9A939F-36A2-401E-BC2C-AA1E71C79773}"
EndProject
Global
	GlobalSection(SolutionConfigurationPlatforms) = preSolution
		Debug|Any CPU = Debug|Any CPU
		Release|Any CPU = Release|Any CPU
	EndGlobalSection
	GlobalSection(ProjectConfigurationPlatforms) = postSolution
		{3E9A939F-36A2-401E-BC2C-AA1E71C79773}.Debug|Any CPU.ActiveCfg = Debug|Any CPU
		{3E9A939F-36A2-401E-BC2C-AA1E71C79773}.Debug|Any CPU.Build.0 = Debug|Any CPU
		{3E9A939F-36A2-401E-BC2C-AA1E71C79773}.Release|Any CPU.ActiveCfg = Release|Any CPU
		{3E9A939F-36A2-401E-BC2C-AA1E71C79773}.Release|Any CPU.Build.0 = Release|Any CPU
	EndGlobalSection
	GlobalSection(SolutionProperties) = preSolution
		HideSolutionNode = FALSE
	EndGlobalSection
	GlobalSection(ExtensibilityGlobals) = postSolution
		SolutionGuid = {047871D1-CDFC-419D-9863-0213EBAD53A8}
	EndGlobalSection
EndGlobal
